
Microsoft Visual Studio Solution File, Format Version 12.00
# Visual Studio Version 17
VisualStudioVersion = 17.9.34728.123
MinimumVisualStudioVersion = 10.0.40219.1
Project("{9A19103F-16F7-4668-BE54-9A1E7A4F7556}") = "FTB.ConsoleApp", "FTB.ConsoleApp\FTB.ConsoleApp.csproj", "{F451C50D-351B-451A-95C8-0414764C5B4E}"
EndProject
Project("{9A19103F-16F7-4668-BE54-9A1E7A4F7556}") = "FTB.Common", "FTB.Common\FTB.Common.csproj", "{48B183A2-DBDA-4F3B-AE1F-F5F2B8317552}"
EndProject
Project("{9A19103F-16F7-4668-BE54-9A1E7A4F7556}") = "FTB.WebAPI", "FTB.WebAPI\FTB.WebAPI.csproj", "{AF9F94E4-86D0-4394-8C0D-BC0BF0CC888E}"
EndProject
Project("{9A19103F-16F7-4668-BE54-9A1E7A4F7556}") = "FTB.MinimalAPI", "FTB.MinimalAPI\FTB.MinimalAPI.csproj", "{68042559-C400-4397-8201-6996D52D7490}"
EndProject
Project("{9A19103F-16F7-4668-BE54-9A1E7A4F7556}") = "FTB.FunctionAPI", "FTB.FunctionAPI\FTB.FunctionAPI.csproj", "{AF1C2427-45B5-4D2A-9794-80FDB1B43B0D}"
EndProject
Project("{9A19103F-16F7-4668-BE54-9A1E7A4F7556}") = "FTB.WebMVC", "FTB.WebMVC\FTB.WebMVC.csproj", "{8AA93C64-D0E7-4141-937B-9629B93F628D}"
EndProject
Project("{9A19103F-16F7-4668-BE54-9A1E7A4F7556}") = "FTB.BlazorServerApp", "FTB.BlazorServerApp\FTB.BlazorServerApp.csproj", "{DAE50F3A-4E96-4528-B058-519E9722CBAA}"
EndProject
Project("{9A19103F-16F7-4668-BE54-9A1E7A4F7556}") = "FTB.BlazorWebApp", "FTB.BlazorWebApp\FTB.BlazorWebApp\FTB.BlazorWebApp.csproj", "{08D881B0-7D2E-48FC-8C26-15C01B1AA0BC}"
EndProject
Project("{9A19103F-16F7-4668-BE54-9A1E7A4F7556}") = "FTB.BlazorWebApp.Client", "FTB.BlazorWebApp\FTB.BlazorWebApp.Client\FTB.BlazorWebApp.Client.csproj", "{89321A7B-3973-4DC9-B737-2B7F67C30415}"
EndProject
Project("{9A19103F-16F7-4668-BE54-9A1E7A4F7556}") = "FTB.BlazorWASM", "FTB.BlazorWASM\FTB.BlazorWASM.csproj", "{919098E3-5903-4949-81BF-CDA8F20A5E78}"
EndProject
Project("{2150E333-8FDC-42A3-9474-1A3956D46DE8}") = "Demos", "Demos", "{F037AE80-4A5C-41F9-A7A4-79EF0B5761F6}"
EndProject
Project("{2150E333-8FDC-42A3-9474-1A3956D46DE8}") = "AutomobileApp", "AutomobileApp", "{A2717EC8-A01D-41C5-B1A7-6B0A9B2FBDF8}"
EndProject
Project("{2150E333-8FDC-42A3-9474-1A3956D46DE8}") = "TriviaGame", "TriviaGame", "{30AA7DC4-0379-4CC5-A364-69BE16F753B0}"
EndProject
Project("{FAE04EC0-301F-11D3-BF4B-00C04F79EFBC}") = "FTB.TriviaLib", "FTB.TriviaLib\FTB.TriviaLib.csproj", "{EAD793C3-C19B-42DA-98A1-3EDFB164FDB8}"
EndProject
Project("{FAE04EC0-301F-11D3-BF4B-00C04F79EFBC}") = "FTB.TriviaWeb", "FTB.TriviaWeb\FTB.TriviaWeb.csproj", "{61DC9D8F-947E-4E5B-9119-AA4816B5F28F}"
EndProject
Global
	GlobalSection(SolutionConfigurationPlatforms) = preSolution
		Debug|Any CPU = Debug|Any CPU
		Release|Any CPU = Release|Any CPU
	EndGlobalSection
	GlobalSection(ProjectConfigurationPlatforms) = postSolution
		{F451C50D-351B-451A-95C8-0414764C5B4E}.Debug|Any CPU.ActiveCfg = Debug|Any CPU
		{F451C50D-351B-451A-95C8-0414764C5B4E}.Debug|Any CPU.Build.0 = Debug|Any CPU
		{F451C50D-351B-451A-95C8-0414764C5B4E}.Release|Any CPU.ActiveCfg = Release|Any CPU
		{F451C50D-351B-451A-95C8-0414764C5B4E}.Release|Any CPU.Build.0 = Release|Any CPU
		{48B183A2-DBDA-4F3B-AE1F-F5F2B8317552}.Debug|Any CPU.ActiveCfg = Debug|Any CPU
		{48B183A2-DBDA-4F3B-AE1F-F5F2B8317552}.Debug|Any CPU.Build.0 = Debug|Any CPU
		{48B183A2-DBDA-4F3B-AE1F-F5F2B8317552}.Release|Any CPU.ActiveCfg = Release|Any CPU
		{48B183A2-DBDA-4F3B-AE1F-F5F2B8317552}.Release|Any CPU.Build.0 = Release|Any CPU
		{AF9F94E4-86D0-4394-8C0D-BC0BF0CC888E}.Debug|Any CPU.ActiveCfg = Debug|Any CPU
		{AF9F94E4-86D0-4394-8C0D-BC0BF0CC888E}.Debug|Any CPU.Build.0 = Debug|Any CPU
		{AF9F94E4-86D0-4394-8C0D-BC0BF0CC888E}.Release|Any CPU.ActiveCfg = Release|Any CPU
		{AF9F94E4-86D0-4394-8C0D-BC0BF0CC888E}.Release|Any CPU.Build.0 = Release|Any CPU
		{68042559-C400-4397-8201-6996D52D7490}.Debug|Any CPU.ActiveCfg = Debug|Any CPU
		{68042559-C400-4397-8201-6996D52D7490}.Debug|Any CPU.Build.0 = Debug|Any CPU
		{68042559-C400-4397-8201-6996D52D7490}.Release|Any CPU.ActiveCfg = Release|Any CPU
		{68042559-C400-4397-8201-6996D52D7490}.Release|Any CPU.Build.0 = Release|Any CPU
		{AF1C2427-45B5-4D2A-9794-80FDB1B43B0D}.Debug|Any CPU.ActiveCfg = Debug|Any CPU
		{AF1C2427-45B5-4D2A-9794-80FDB1B43B0D}.Debug|Any CPU.Build.0 = Debug|Any CPU
		{AF1C2427-45B5-4D2A-9794-80FDB1B43B0D}.Release|Any CPU.ActiveCfg = Release|Any CPU
		{AF1C2427-45B5-4D2A-9794-80FDB1B43B0D}.Release|Any CPU.Build.0 = Release|Any CPU
		{8AA93C64-D0E7-4141-937B-9629B93F628D}.Debug|Any CPU.ActiveCfg = Debug|Any CPU
		{8AA93C64-D0E7-4141-937B-9629B93F628D}.Debug|Any CPU.Build.0 = Debug|Any CPU
		{8AA93C64-D0E7-4141-937B-9629B93F628D}.Release|Any CPU.ActiveCfg = Release|Any CPU
		{8AA93C64-D0E7-4141-937B-9629B93F628D}.Release|Any CPU.Build.0 = Release|Any CPU
		{DAE50F3A-4E96-4528-B058-519E9722CBAA}.Debug|Any CPU.ActiveCfg = Debug|Any CPU
		{DAE50F3A-4E96-4528-B058-519E9722CBAA}.Debug|Any CPU.Build.0 = Debug|Any CPU
		{DAE50F3A-4E96-4528-B058-519E9722CBAA}.Release|Any CPU.ActiveCfg = Release|Any CPU
		{DAE50F3A-4E96-4528-B058-519E9722CBAA}.Release|Any CPU.Build.0 = Release|Any CPU
		{08D881B0-7D2E-48FC-8C26-15C01B1AA0BC}.Debug|Any CPU.ActiveCfg = Debug|Any CPU
		{08D881B0-7D2E-48FC-8C26-15C01B1AA0BC}.Debug|Any CPU.Build.0 = Debug|Any CPU
		{08D881B0-7D2E-48FC-8C26-15C01B1AA0BC}.Release|Any CPU.ActiveCfg = Release|Any CPU
		{08D881B0-7D2E-48FC-8C26-15C01B1AA0BC}.Release|Any CPU.Build.0 = Release|Any CPU
		{89321A7B-3973-4DC9-B737-2B7F67C30415}.Debug|Any CPU.ActiveCfg = Debug|Any CPU
		{89321A7B-3973-4DC9-B737-2B7F67C30415}.Debug|Any CPU.Build.0 = Debug|Any CPU
		{89321A7B-3973-4DC9-B737-2B7F67C30415}.Release|Any CPU.ActiveCfg = Release|Any CPU
		{89321A7B-3973-4DC9-B737-2B7F67C30415}.Release|Any CPU.Build.0 = Release|Any CPU
		{919098E3-5903-4949-81BF-CDA8F20A5E78}.Debug|Any CPU.ActiveCfg = Debug|Any CPU
		{919098E3-5903-4949-81BF-CDA8F20A5E78}.Debug|Any CPU.Build.0 = Debug|Any CPU
		{919098E3-5903-4949-81BF-CDA8F20A5E78}.Release|Any CPU.ActiveCfg = Release|Any CPU
		{919098E3-5903-4949-81BF-CDA8F20A5E78}.Release|Any CPU.Build.0 = Release|Any CPU
		{EAD793C3-C19B-42DA-98A1-3EDFB164FDB8}.Debug|Any CPU.ActiveCfg = Debug|Any CPU
		{EAD793C3-C19B-42DA-98A1-3EDFB164FDB8}.Debug|Any CPU.Build.0 = Debug|Any CPU
		{EAD793C3-C19B-42DA-98A1-3EDFB164FDB8}.Release|Any CPU.ActiveCfg = Release|Any CPU
		{EAD793C3-C19B-42DA-98A1-3EDFB164FDB8}.Release|Any CPU.Build.0 = Release|Any CPU
		{61DC9D8F-947E-4E5B-9119-AA4816B5F28F}.Debug|Any CPU.ActiveCfg = Debug|Any CPU
		{61DC9D8F-947E-4E5B-9119-AA4816B5F28F}.Debug|Any CPU.Build.0 = Debug|Any CPU
		{61DC9D8F-947E-4E5B-9119-AA4816B5F28F}.Release|Any CPU.ActiveCfg = Release|Any CPU
		{61DC9D8F-947E-4E5B-9119-AA4816B5F28F}.Release|Any CPU.Build.0 = Release|Any CPU
	EndGlobalSection
	GlobalSection(SolutionProperties) = preSolution
		HideSolutionNode = FALSE
	EndGlobalSection
	GlobalSection(NestedProjects) = preSolution
		{F451C50D-351B-451A-95C8-0414764C5B4E} = {F037AE80-4A5C-41F9-A7A4-79EF0B5761F6}
		{48B183A2-DBDA-4F3B-AE1F-F5F2B8317552} = {A2717EC8-A01D-41C5-B1A7-6B0A9B2FBDF8}
		{AF9F94E4-86D0-4394-8C0D-BC0BF0CC888E} = {F037AE80-4A5C-41F9-A7A4-79EF0B5761F6}
		{68042559-C400-4397-8201-6996D52D7490} = {A2717EC8-A01D-41C5-B1A7-6B0A9B2FBDF8}
		{AF1C2427-45B5-4D2A-9794-80FDB1B43B0D} = {F037AE80-4A5C-41F9-A7A4-79EF0B5761F6}
		{8AA93C64-D0E7-4141-937B-9629B93F628D} = {F037AE80-4A5C-41F9-A7A4-79EF0B5761F6}
		{DAE50F3A-4E96-4528-B058-519E9722CBAA} = {F037AE80-4A5C-41F9-A7A4-79EF0B5761F6}
		{08D881B0-7D2E-48FC-8C26-15C01B1AA0BC} = {F037AE80-4A5C-41F9-A7A4-79EF0B5761F6}
		{89321A7B-3973-4DC9-B737-2B7F67C30415} = {F037AE80-4A5C-41F9-A7A4-79EF0B5761F6}
		{919098E3-5903-4949-81BF-CDA8F20A5E78} = {A2717EC8-A01D-41C5-B1A7-6B0A9B2FBDF8}
		{EAD793C3-C19B-42DA-98A1-3EDFB164FDB8} = {30AA7DC4-0379-4CC5-A364-69BE16F753B0}
		{61DC9D8F-947E-4E5B-9119-AA4816B5F28F} = {30AA7DC4-0379-4CC5-A364-69BE16F753B0}
	EndGlobalSection
	GlobalSection(ExtensibilityGlobals) = postSolution
		SolutionGuid = {ADDA8C1E-A1F8-41A5-89AF-BB5801446150}
	EndGlobalSection
EndGlobal
